
Microsoft Visual Studio Solution File, Format Version 12.00
# Visual Studio Version 16
VisualStudioVersion = 25.0.1705.3
MinimumVisualStudioVersion = 10.0.40219.1
Project("{FAE04EC0-301F-11D3-BF4B-00C04F79EFBC}") = "VariablesSample", "VariablesSample\VariablesSample.csproj", "{2220D02F-9785-4E18-95CD-9D6752765AB1}"
EndProject
Global
	GlobalSection(SolutionConfigurationPlatforms) = preSolution
		Debug|Any CPU = Debug|Any CPU
		Release|Any CPU = Release|Any CPU
	EndGlobalSection
	GlobalSection(ProjectConfigurationPlatforms) = postSolution
		{2220D02F-9785-4E18-95CD-9D6752765AB1}.Debug|Any CPU.ActiveCfg = Debug|Any CPU
		{2220D02F-9785-4E18-95CD-9D6752765AB1}.Debug|Any CPU.Build.0 = Debug|Any CPU
		{2220D02F-9785-4E18-95CD-9D6752765AB1}.Release|Any CPU.ActiveCfg = Release|Any CPU
		{2220D02F-9785-4E18-95CD-9D6752765AB1}.Release|Any CPU.Build.0 = Release|Any CPU
	EndGlobalSection
	GlobalSection(SolutionProperties) = preSolution
		HideSolutionNode = FALSE
	EndGlobalSection
	GlobalSection(ExtensibilityGlobals) = postSolution
		SolutionGuid = {36744784-65C4-4358-AE9F-BDCAD4AF5E90}
	EndGlobalSection
EndGlobal
